
Microsoft Visual Studio Solution File, Format Version 12.00
# Visual Studio 15
VisualStudioVersion = 15.0.28010.2019
MinimumVisualStudioVersion = 10.0.40219.1
Project("{FAE04EC0-301F-11D3-BF4B-00C04F79EFBC}") = "EasyDir", "EasyDir\EasyDir.csproj", "{933B5179-B345-48C0-BD2B-1A39CAB0A2CF}"
EndProject
Global
	GlobalSection(SolutionConfigurationPlatforms) = preSolution
		Debug|Any CPU = Debug|Any CPU
		Release|Any CPU = Release|Any CPU
	EndGlobalSection
	GlobalSection(ProjectConfigurationPlatforms) = postSolution
		{933B5179-B345-48C0-BD2B-1A39CAB0A2CF}.Debug|Any CPU.ActiveCfg = Debug|Any CPU
		{933B5179-B345-48C0-BD2B-1A39CAB0A2CF}.Debug|Any CPU.Build.0 = Debug|Any CPU
		{933B5179-B345-48C0-BD2B-1A39CAB0A2CF}.Release|Any CPU.ActiveCfg = Release|Any CPU
		{933B5179-B345-48C0-BD2B-1A39CAB0A2CF}.Release|Any CPU.Build.0 = Release|Any CPU
	EndGlobalSection
	GlobalSection(SolutionProperties) = preSolution
		HideSolutionNode = FALSE
	EndGlobalSection
	GlobalSection(ExtensibilityGlobals) = postSolution
		SolutionGuid = {0331C2AE-2AD0-400C-81FB-674C931970C9}
	EndGlobalSection
EndGlobal
